
Microsoft Visual Studio Solution File, Format Version 12.00
# Visual Studio Version 17
VisualStudioVersion = 17.11.35327.3
MinimumVisualStudioVersion = 10.0.40219.1
Project("{FAE04EC0-301F-11D3-BF4B-00C04F79EFBC}") = "GrupoAEducacao", "GrupoAEducacao\GrupoAEducacao.csproj", "{DBED58DC-5BD7-4B53-B346-E40C6DABE3E1}"
EndProject
Global
	GlobalSection(SolutionConfigurationPlatforms) = preSolution
		Debug|Any CPU = Debug|Any CPU
		Release|Any CPU = Release|Any CPU
	EndGlobalSection
	GlobalSection(ProjectConfigurationPlatforms) = postSolution
		{DBED58DC-5BD7-4B53-B346-E40C6DABE3E1}.Debug|Any CPU.ActiveCfg = Debug|Any CPU
		{DBED58DC-5BD7-4B53-B346-E40C6DABE3E1}.Debug|Any CPU.Build.0 = Debug|Any CPU
		{DBED58DC-5BD7-4B53-B346-E40C6DABE3E1}.Release|Any CPU.ActiveCfg = Release|Any CPU
		{DBED58DC-5BD7-4B53-B346-E40C6DABE3E1}.Release|Any CPU.Build.0 = Release|Any CPU
	EndGlobalSection
	GlobalSection(SolutionProperties) = preSolution
		HideSolutionNode = FALSE
	EndGlobalSection
	GlobalSection(ExtensibilityGlobals) = postSolution
		SolutionGuid = {955809F0-2883-4D73-8DFA-8A159D44F443}
	EndGlobalSection
EndGlobal
